// !$*UTF8*$!
{
	archiveVersion = 1;
	classes = {
	};
	objectVersion = 77;
	objects = {

/* Begin PBXBuildFile section */
		00AD123FDEA275A1CFF90E77 /* SCIMMeResponseTests.swift in Sources */ = {isa = PBXBuildFile; fileRef = 65650403FBD0DA24FB6CB4A4 /* SCIMMeResponseTests.swift */; };
		0255ED0B7C9129FAE5F4C4A8 /* OAuthClient.swift in Sources */ = {isa = PBXBuildFile; fileRef = 7B445B590F613B043D7DD81E /* OAuthClient.swift */; };
		1E5AB1FF95204BB4DB2153BC /* PrivacyInfo.xcprivacy in Resources */ = {isa = PBXBuildFile; fileRef = AD97C68DA1D4FC5576952926 /* PrivacyInfo.xcprivacy */; };
		226DC9C1E91557FF3E1E6DC3 /* KeychainStoreTests.swift in Sources */ = {isa = PBXBuildFile; fileRef = C65BE391381658CE91DB8E6C /* KeychainStoreTests.swift */; };
		2D10BCFB0F2577F5669F5F0F /* KeychainError.swift in Sources */ = {isa = PBXBuildFile; fileRef = A9587D0287EE479B330FBD7B /* KeychainError.swift */; };
		33AD2A5B5D8D51F25138D826 /* SmokeTests.swift in Sources */ = {isa = PBXBuildFile; fileRef = CB3582835A2477C2DC086CB5 /* SmokeTests.swift */; };
		3BB0FB3E21ED6F5C074035EE /* AuthServicing.swift in Sources */ = {isa = PBXBuildFile; fileRef = 8581F1979FB579F7246225F4 /* AuthServicing.swift */; };
		42B7807778F34EC98A695DA4 /* OAuthURLBuilder.swift in Sources */ = {isa = PBXBuildFile; fileRef = 24B612E229967473096424F3 /* OAuthURLBuilder.swift */; };
		479AD18807A976C852153403 /* LiveOAuthClient.swift in Sources */ = {isa = PBXBuildFile; fileRef = DC83A2DFC5EDFB9179E66647 /* LiveOAuthClient.swift */; };
		4FCA9BD2B8FDD7836D798F0B /* FakeOAuthClient.swift in Sources */ = {isa = PBXBuildFile; fileRef = 485925FEBBB66662795FB783 /* FakeOAuthClient.swift */; };
		58D9FFD12F4D3FC8E9E71E8D /* RootView.swift in Sources */ = {isa = PBXBuildFile; fileRef = 5DE7E999D5CF86A7EB3BD1EE /* RootView.swift */; };
		5B2E13D2EF848B3A56C001B4 /* AuthService.swift in Sources */ = {isa = PBXBuildFile; fileRef = 1784E01F6AF104A30241AEE0 /* AuthService.swift */; };
		60842B2BD7C5A5BEC475FF61 /* SCIMMeResponse.swift in Sources */ = {isa = PBXBuildFile; fileRef = C46455F306301F4D2B5B1975 /* SCIMMeResponse.swift */; };
		6BB78C6B0AB21679812F20A7 /* LakeloomApp.swift in Sources */ = {isa = PBXBuildFile; fileRef = FD573DAB2799C24220D8300E /* LakeloomApp.swift */; };
		6C19AAF33AB67B0F4CBA72AA /* OAuthURLBuilderTests.swift in Sources */ = {isa = PBXBuildFile; fileRef = 410B72AB8D0E7370FE3022AF /* OAuthURLBuilderTests.swift */; };
		728FE8E279F7D4A65C1807E1 /* Spacing.swift in Sources */ = {isa = PBXBuildFile; fileRef = FB390E143DB0511F80869D10 /* Spacing.swift */; };
		72D4802210B0B07301D5FE1C /* OAuthTokenResponse.swift in Sources */ = {isa = PBXBuildFile; fileRef = ED5E36043651209A5E8D6198 /* OAuthTokenResponse.swift */; };
		790F685BE0B1502E1BF5D6CB /* InMemoryKeychainStore.swift in Sources */ = {isa = PBXBuildFile; fileRef = 3430D5ECDB96A6DB0C04B988 /* InMemoryKeychainStore.swift */; };
		804658AF3C901EBEF86AFD59 /* LiveKeychainStore.swift in Sources */ = {isa = PBXBuildFile; fileRef = 270FFCA7D7430385AAF3235E /* LiveKeychainStore.swift */; };
		92728B0C08A56C9AA5CC2AF0 /* AuthDiagnostics.swift in Sources */ = {isa = PBXBuildFile; fileRef = 0477B5F44E5E04E54EE0D11B /* AuthDiagnostics.swift */; };
		9398A33D3539593B310CA2C1 /* PKCETests.swift in Sources */ = {isa = PBXBuildFile; fileRef = ADBE680354FC9538DF925C93 /* PKCETests.swift */; };
		949CAA8D64356BB20EEF2E88 /* StubDatabricksIdentityClient.swift in Sources */ = {isa = PBXBuildFile; fileRef = 51C517E2EB6C119C41215C9F /* StubDatabricksIdentityClient.swift */; };
		A2306A27ADE61654B3419815 /* DatabricksIdentityClient.swift in Sources */ = {isa = PBXBuildFile; fileRef = D82D35B3F8084B212198F1B4 /* DatabricksIdentityClient.swift */; };
		A9A9B6E5D73E098BF63ED456 /* LaunchTests.swift in Sources */ = {isa = PBXBuildFile; fileRef = E92DBDEAD48EBCB3407E2056 /* LaunchTests.swift */; };
		B3DB9694585016D260636697 /* AuthServiceTests.swift in Sources */ = {isa = PBXBuildFile; fileRef = 7D23CC687F33D45BCFBAC181 /* AuthServiceTests.swift */; };
		BE06638BDEBB28D462DA36BE /* KeychainStore.swift in Sources */ = {isa = PBXBuildFile; fileRef = 76EC9B52C55E27F72A2A5811 /* KeychainStore.swift */; };
		C3AB16E8A88C42BC928CB271 /* SplashView.swift in Sources */ = {isa = PBXBuildFile; fileRef = 77239E5F929E3C7B6AFC5012 /* SplashView.swift */; };
		CD9A19905DD3B843525B6FD4 /* OAuthTokenResponseTests.swift in Sources */ = {isa = PBXBuildFile; fileRef = CF6B053B824BDC7BE1CDF8D5 /* OAuthTokenResponseTests.swift */; };
		E8D3DC0E3C9EBCBD75F016AA /* PKCE.swift in Sources */ = {isa = PBXBuildFile; fileRef = FE5B84BB695227773264CE59 /* PKCE.swift */; };
		F332C83944E75B5946D45ECC /* Assets.xcassets in Resources */ = {isa = PBXBuildFile; fileRef = 03E8FE79AE4D85C07FAADD0D /* Assets.xcassets */; };
/* End PBXBuildFile section */

/* Begin PBXContainerItemProxy section */
		7A7B35C30685732C859E6164 /* PBXContainerItemProxy */ = {
			isa = PBXContainerItemProxy;
			containerPortal = 4F7CB9676744622BA7D3C696 /* Project object */;
			proxyType = 1;
			remoteGlobalIDString = F282934E8EC9EAD7F43D0BB7;
			remoteInfo = LakeloomApp;
		};
		C759C8065D61DE0EE9813206 /* PBXContainerItemProxy */ = {
			isa = PBXContainerItemProxy;
			containerPortal = 4F7CB9676744622BA7D3C696 /* Project object */;
			proxyType = 1;
			remoteGlobalIDString = F282934E8EC9EAD7F43D0BB7;
			remoteInfo = LakeloomApp;
		};
/* End PBXContainerItemProxy section */

/* Begin PBXFileReference section */
		03E8FE79AE4D85C07FAADD0D /* Assets.xcassets */ = {isa = PBXFileReference; lastKnownFileType = folder.assetcatalog; path = Assets.xcassets; sourceTree = "<group>"; };
		0477B5F44E5E04E54EE0D11B /* AuthDiagnostics.swift */ = {isa = PBXFileReference; lastKnownFileType = sourcecode.swift; path = AuthDiagnostics.swift; sourceTree = "<group>"; };
		1784E01F6AF104A30241AEE0 /* AuthService.swift */ = {isa = PBXFileReference; lastKnownFileType = sourcecode.swift; path = AuthService.swift; sourceTree = "<group>"; };
		24B612E229967473096424F3 /* OAuthURLBuilder.swift */ = {isa = PBXFileReference; lastKnownFileType = sourcecode.swift; path = OAuthURLBuilder.swift; sourceTree = "<group>"; };
		270FFCA7D7430385AAF3235E /* LiveKeychainStore.swift */ = {isa = PBXFileReference; lastKnownFileType = sourcecode.swift; path = LiveKeychainStore.swift; sourceTree = "<group>"; };
		3430D5ECDB96A6DB0C04B988 /* InMemoryKeychainStore.swift */ = {isa = PBXFileReference; lastKnownFileType = sourcecode.swift; path = InMemoryKeychainStore.swift; sourceTree = "<group>"; };
		3BC55D0FDD9717CF3C669840 /* LakeloomAppTests.xctest */ = {isa = PBXFileReference; includeInIndex = 0; lastKnownFileType = wrapper.cfbundle; path = LakeloomAppTests.xctest; sourceTree = BUILT_PRODUCTS_DIR; };
		410B72AB8D0E7370FE3022AF /* OAuthURLBuilderTests.swift */ = {isa = PBXFileReference; lastKnownFileType = sourcecode.swift; path = OAuthURLBuilderTests.swift; sourceTree = "<group>"; };
		485925FEBBB66662795FB783 /* FakeOAuthClient.swift */ = {isa = PBXFileReference; lastKnownFileType = sourcecode.swift; path = FakeOAuthClient.swift; sourceTree = "<group>"; };
		51C517E2EB6C119C41215C9F /* StubDatabricksIdentityClient.swift */ = {isa = PBXFileReference; lastKnownFileType = sourcecode.swift; path = StubDatabricksIdentityClient.swift; sourceTree = "<group>"; };
		5DE7E999D5CF86A7EB3BD1EE /* RootView.swift */ = {isa = PBXFileReference; lastKnownFileType = sourcecode.swift; path = RootView.swift; sourceTree = "<group>"; };
		65650403FBD0DA24FB6CB4A4 /* SCIMMeResponseTests.swift */ = {isa = PBXFileReference; lastKnownFileType = sourcecode.swift; path = SCIMMeResponseTests.swift; sourceTree = "<group>"; };
		717439EFBBBEE8E9C42F0178 /* LakeloomApp.app */ = {isa = PBXFileReference; includeInIndex = 0; lastKnownFileType = wrapper.application; path = LakeloomApp.app; sourceTree = BUILT_PRODUCTS_DIR; };
		76EC9B52C55E27F72A2A5811 /* KeychainStore.swift */ = {isa = PBXFileReference; lastKnownFileType = sourcecode.swift; path = KeychainStore.swift; sourceTree = "<group>"; };
		77239E5F929E3C7B6AFC5012 /* SplashView.swift */ = {isa = PBXFileReference; lastKnownFileType = sourcecode.swift; path = SplashView.swift; sourceTree = "<group>"; };
		7B445B590F613B043D7DD81E /* OAuthClient.swift */ = {isa = PBXFileReference; lastKnownFileType = sourcecode.swift; path = OAuthClient.swift; sourceTree = "<group>"; };
		7D23CC687F33D45BCFBAC181 /* AuthServiceTests.swift */ = {isa = PBXFileReference; lastKnownFileType = sourcecode.swift; path = AuthServiceTests.swift; sourceTree = "<group>"; };
		8581F1979FB579F7246225F4 /* AuthServicing.swift */ = {isa = PBXFileReference; lastKnownFileType = sourcecode.swift; path = AuthServicing.swift; sourceTree = "<group>"; };
		A9587D0287EE479B330FBD7B /* KeychainError.swift */ = {isa = PBXFileReference; lastKnownFileType = sourcecode.swift; path = KeychainError.swift; sourceTree = "<group>"; };
		AD97C68DA1D4FC5576952926 /* PrivacyInfo.xcprivacy */ = {isa = PBXFileReference; path = PrivacyInfo.xcprivacy; sourceTree = "<group>"; };
		ADBE680354FC9538DF925C93 /* PKCETests.swift */ = {isa = PBXFileReference; lastKnownFileType = sourcecode.swift; path = PKCETests.swift; sourceTree = "<group>"; };
		B510973AA4634C1A10C91680 /* LakeloomAppUITests.xctest */ = {isa = PBXFileReference; includeInIndex = 0; lastKnownFileType = wrapper.cfbundle; path = LakeloomAppUITests.xctest; sourceTree = BUILT_PRODUCTS_DIR; };
		C46455F306301F4D2B5B1975 /* SCIMMeResponse.swift */ = {isa = PBXFileReference; lastKnownFileType = sourcecode.swift; path = SCIMMeResponse.swift; sourceTree = "<group>"; };
		C65BE391381658CE91DB8E6C /* KeychainStoreTests.swift */ = {isa = PBXFileReference; lastKnownFileType = sourcecode.swift; path = KeychainStoreTests.swift; sourceTree = "<group>"; };
		CB3582835A2477C2DC086CB5 /* SmokeTests.swift */ = {isa = PBXFileReference; lastKnownFileType = sourcecode.swift; path = SmokeTests.swift; sourceTree = "<group>"; };
		CF6B053B824BDC7BE1CDF8D5 /* OAuthTokenResponseTests.swift */ = {isa = PBXFileReference; lastKnownFileType = sourcecode.swift; path = OAuthTokenResponseTests.swift; sourceTree = "<group>"; };
		D82D35B3F8084B212198F1B4 /* DatabricksIdentityClient.swift */ = {isa = PBXFileReference; lastKnownFileType = sourcecode.swift; path = DatabricksIdentityClient.swift; sourceTree = "<group>"; };
		DC83A2DFC5EDFB9179E66647 /* LiveOAuthClient.swift */ = {isa = PBXFileReference; lastKnownFileType = sourcecode.swift; path = LiveOAuthClient.swift; sourceTree = "<group>"; };
		E92DBDEAD48EBCB3407E2056 /* LaunchTests.swift */ = {isa = PBXFileReference; lastKnownFileType = sourcecode.swift; path = LaunchTests.swift; sourceTree = "<group>"; };
		ED5E36043651209A5E8D6198 /* OAuthTokenResponse.swift */ = {isa = PBXFileReference; lastKnownFileType = sourcecode.swift; path = OAuthTokenResponse.swift; sourceTree = "<group>"; };
		FB390E143DB0511F80869D10 /* Spacing.swift */ = {isa = PBXFileReference; lastKnownFileType = sourcecode.swift; path = Spacing.swift; sourceTree = "<group>"; };
		FD573DAB2799C24220D8300E /* LakeloomApp.swift */ = {isa = PBXFileReference; lastKnownFileType = sourcecode.swift; path = LakeloomApp.swift; sourceTree = "<group>"; };
		FE5B84BB695227773264CE59 /* PKCE.swift */ = {isa = PBXFileReference; lastKnownFileType = sourcecode.swift; path = PKCE.swift; sourceTree = "<group>"; };
/* End PBXFileReference section */

/* Begin PBXGroup section */
		0DD275052D398B4A8D806D85 /* AppUITests */ = {
			isa = PBXGroup;
			children = (
				E92DBDEAD48EBCB3407E2056 /* LaunchTests.swift */,
			);
			path = AppUITests;
			sourceTree = "<group>";
		};
		231F2384DB5E42092525EB16 /* Auth */ = {
			isa = PBXGroup;
			children = (
				8659B853BECD190B50D125FC /* Diagnostics */,
				3012159D561D96ED7AFAD0D9 /* Identity */,
				F14F83386A4520D736716314 /* Keychain */,
				C9ED793EC6407B3C6F7892E7 /* OAuth */,
				1784E01F6AF104A30241AEE0 /* AuthService.swift */,
				8581F1979FB579F7246225F4 /* AuthServicing.swift */,
			);
			path = Auth;
			sourceTree = "<group>";
		};
		3012159D561D96ED7AFAD0D9 /* Identity */ = {
			isa = PBXGroup;
			children = (
				D82D35B3F8084B212198F1B4 /* DatabricksIdentityClient.swift */,
				C46455F306301F4D2B5B1975 /* SCIMMeResponse.swift */,
			);
			path = Identity;
			sourceTree = "<group>";
		};
		3391AE38EF0C1BF47D5939D6 /* Auth */ = {
			isa = PBXGroup;
			children = (
				B9F673B3CF0AC7EB94FF5859 /* Helpers */,
				7D23CC687F33D45BCFBAC181 /* AuthServiceTests.swift */,
				C65BE391381658CE91DB8E6C /* KeychainStoreTests.swift */,
				CF6B053B824BDC7BE1CDF8D5 /* OAuthTokenResponseTests.swift */,
				410B72AB8D0E7370FE3022AF /* OAuthURLBuilderTests.swift */,
				ADBE680354FC9538DF925C93 /* PKCETests.swift */,
				65650403FBD0DA24FB6CB4A4 /* SCIMMeResponseTests.swift */,
			);
			path = Auth;
			sourceTree = "<group>";
		};
		3DA071C4C69DD8B184F1C53D /* App */ = {
			isa = PBXGroup;
			children = (
				231F2384DB5E42092525EB16 /* Auth */,
				FFE6FB7D59D2D3D722AEEEE2 /* Resources */,
				D8D2CD6ABFE5DA02EEDD781D /* Views */,
				FD573DAB2799C24220D8300E /* LakeloomApp.swift */,
			);
			path = App;
			sourceTree = "<group>";
		};
		3DF4E1AA96E44C33CF9C0A87 /* AppTests */ = {
			isa = PBXGroup;
			children = (
				3391AE38EF0C1BF47D5939D6 /* Auth */,
				CB3582835A2477C2DC086CB5 /* SmokeTests.swift */,
			);
			path = AppTests;
			sourceTree = "<group>";
		};
		49B25674CBFEAACC580FC175 /* Style */ = {
			isa = PBXGroup;
			children = (
				FB390E143DB0511F80869D10 /* Spacing.swift */,
			);
			path = Style;
			sourceTree = "<group>";
		};
		5B0C195269B0BA68AC896EAA = {
			isa = PBXGroup;
			children = (
				3DA071C4C69DD8B184F1C53D /* App */,
				3DF4E1AA96E44C33CF9C0A87 /* AppTests */,
				0DD275052D398B4A8D806D85 /* AppUITests */,
				9814CA7CA1C1E05A8437B5B7 /* Products */,
			);
			sourceTree = "<group>";
		};
		8659B853BECD190B50D125FC /* Diagnostics */ = {
			isa = PBXGroup;
			children = (
				0477B5F44E5E04E54EE0D11B /* AuthDiagnostics.swift */,
			);
			path = Diagnostics;
			sourceTree = "<group>";
		};
		9814CA7CA1C1E05A8437B5B7 /* Products */ = {
			isa = PBXGroup;
			children = (
				717439EFBBBEE8E9C42F0178 /* LakeloomApp.app */,
				3BC55D0FDD9717CF3C669840 /* LakeloomAppTests.xctest */,
				B510973AA4634C1A10C91680 /* LakeloomAppUITests.xctest */,
			);
			name = Products;
			sourceTree = "<group>";
		};
		B9F673B3CF0AC7EB94FF5859 /* Helpers */ = {
			isa = PBXGroup;
			children = (
				485925FEBBB66662795FB783 /* FakeOAuthClient.swift */,
				51C517E2EB6C119C41215C9F /* StubDatabricksIdentityClient.swift */,
			);
			path = Helpers;
			sourceTree = "<group>";
		};
		C9ED793EC6407B3C6F7892E7 /* OAuth */ = {
			isa = PBXGroup;
			children = (
				DC83A2DFC5EDFB9179E66647 /* LiveOAuthClient.swift */,
				7B445B590F613B043D7DD81E /* OAuthClient.swift */,
				ED5E36043651209A5E8D6198 /* OAuthTokenResponse.swift */,
				24B612E229967473096424F3 /* OAuthURLBuilder.swift */,
				FE5B84BB695227773264CE59 /* PKCE.swift */,
			);
			path = OAuth;
			sourceTree = "<group>";
		};
		D8D2CD6ABFE5DA02EEDD781D /* Views */ = {
			isa = PBXGroup;
			children = (
				49B25674CBFEAACC580FC175 /* Style */,
				5DE7E999D5CF86A7EB3BD1EE /* RootView.swift */,
				77239E5F929E3C7B6AFC5012 /* SplashView.swift */,
			);
			path = Views;
			sourceTree = "<group>";
		};
		F14F83386A4520D736716314 /* Keychain */ = {
			isa = PBXGroup;
			children = (
				3430D5ECDB96A6DB0C04B988 /* InMemoryKeychainStore.swift */,
				A9587D0287EE479B330FBD7B /* KeychainError.swift */,
				76EC9B52C55E27F72A2A5811 /* KeychainStore.swift */,
				270FFCA7D7430385AAF3235E /* LiveKeychainStore.swift */,
			);
			path = Keychain;
			sourceTree = "<group>";
		};
		FFE6FB7D59D2D3D722AEEEE2 /* Resources */ = {
			isa = PBXGroup;
			children = (
				03E8FE79AE4D85C07FAADD0D /* Assets.xcassets */,
				AD97C68DA1D4FC5576952926 /* PrivacyInfo.xcprivacy */,
			);
			path = Resources;
			sourceTree = "<group>";
		};
/* End PBXGroup section */

/* Begin PBXNativeTarget section */
		6778DCC9425EDA19AB9FC07C /* LakeloomAppTests */ = {
			isa = PBXNativeTarget;
			buildConfigurationList = F6CBA553201CC3A60CD6B38B /* Build configuration list for PBXNativeTarget "LakeloomAppTests" */;
			buildPhases = (
				D6C8EF4A2794BEE018630A04 /* Sources */,
			);
			buildRules = (
			);
			dependencies = (
				86BA9DCA6D96D20F4E8913BB /* PBXTargetDependency */,
			);
			name = LakeloomAppTests;
			packageProductDependencies = (
			);
			productName = LakeloomAppTests;
			productReference = 3BC55D0FDD9717CF3C669840 /* LakeloomAppTests.xctest */;
			productType = "com.apple.product-type.bundle.unit-test";
		};
		F282934E8EC9EAD7F43D0BB7 /* LakeloomApp */ = {
			isa = PBXNativeTarget;
			buildConfigurationList = 0C2F915CC79B3DC9B8249FC1 /* Build configuration list for PBXNativeTarget "LakeloomApp" */;
			buildPhases = (
				FE019A95D20F8DC3B17AF74A /* Sources */,
				65328F0738B74D9771DC6D10 /* Resources */,
			);
			buildRules = (
			);
			dependencies = (
			);
			name = LakeloomApp;
			packageProductDependencies = (
			);
			productName = LakeloomApp;
			productReference = 717439EFBBBEE8E9C42F0178 /* LakeloomApp.app */;
			productType = "com.apple.product-type.application";
		};
		F8F16A4E3FDAF96FBEE503CB /* LakeloomAppUITests */ = {
			isa = PBXNativeTarget;
			buildConfigurationList = 48D5D8756276B17357BDB4A1 /* Build configuration list for PBXNativeTarget "LakeloomAppUITests" */;
			buildPhases = (
				4DE65EBCC32102F52B1DDB3A /* Sources */,
			);
			buildRules = (
			);
			dependencies = (
				77A4A2A6C05B0E6F97F5F58B /* PBXTargetDependency */,
			);
			name = LakeloomAppUITests;
			packageProductDependencies = (
			);
			productName = LakeloomAppUITests;
			productReference = B510973AA4634C1A10C91680 /* LakeloomAppUITests.xctest */;
			productType = "com.apple.product-type.bundle.ui-testing";
		};
/* End PBXNativeTarget section */

/* Begin PBXProject section */
		4F7CB9676744622BA7D3C696 /* Project object */ = {
			isa = PBXProject;
			attributes = {
				BuildIndependentTargetsInParallel = YES;
				LastUpgradeCheck = 2620;
				TargetAttributes = {
					6778DCC9425EDA19AB9FC07C = {
						DevelopmentTeam = "";
					};
					F282934E8EC9EAD7F43D0BB7 = {
						DevelopmentTeam = "";
					};
					F8F16A4E3FDAF96FBEE503CB = {
						DevelopmentTeam = "";
						TestTargetID = F282934E8EC9EAD7F43D0BB7;
					};
				};
			};
			buildConfigurationList = 1B54635EFEC0BA8BF715002B /* Build configuration list for PBXProject "LakeloomApp" */;
			developmentRegion = en;
			hasScannedForEncodings = 0;
			knownRegions = (
				Base,
				en,
			);
			mainGroup = 5B0C195269B0BA68AC896EAA;
			minimizedProjectReferenceProxies = 1;
			preferredProjectObjectVersion = 77;
			productRefGroup = 9814CA7CA1C1E05A8437B5B7 /* Products */;
			projectDirPath = "";
			projectRoot = "";
			targets = (
				F282934E8EC9EAD7F43D0BB7 /* LakeloomApp */,
				6778DCC9425EDA19AB9FC07C /* LakeloomAppTests */,
				F8F16A4E3FDAF96FBEE503CB /* LakeloomAppUITests */,
			);
		};
/* End PBXProject section */

/* Begin PBXResourcesBuildPhase section */
		65328F0738B74D9771DC6D10 /* Resources */ = {
			isa = PBXResourcesBuildPhase;
			buildActionMask = 2147483647;
			files = (
				F332C83944E75B5946D45ECC /* Assets.xcassets in Resources */,
				1E5AB1FF95204BB4DB2153BC /* PrivacyInfo.xcprivacy in Resources */,
			);
			runOnlyForDeploymentPostprocessing = 0;
		};
/* End PBXResourcesBuildPhase section */

/* Begin PBXSourcesBuildPhase section */
		4DE65EBCC32102F52B1DDB3A /* Sources */ = {
			isa = PBXSourcesBuildPhase;
			buildActionMask = 2147483647;
			files = (
				A9A9B6E5D73E098BF63ED456 /* LaunchTests.swift in Sources */,
			);
			runOnlyForDeploymentPostprocessing = 0;
		};
		D6C8EF4A2794BEE018630A04 /* Sources */ = {
			isa = PBXSourcesBuildPhase;
			buildActionMask = 2147483647;
			files = (
				B3DB9694585016D260636697 /* AuthServiceTests.swift in Sources */,
				4FCA9BD2B8FDD7836D798F0B /* FakeOAuthClient.swift in Sources */,
				226DC9C1E91557FF3E1E6DC3 /* KeychainStoreTests.swift in Sources */,
				CD9A19905DD3B843525B6FD4 /* OAuthTokenResponseTests.swift in Sources */,
				6C19AAF33AB67B0F4CBA72AA /* OAuthURLBuilderTests.swift in Sources */,
				9398A33D3539593B310CA2C1 /* PKCETests.swift in Sources */,
				00AD123FDEA275A1CFF90E77 /* SCIMMeResponseTests.swift in Sources */,
				33AD2A5B5D8D51F25138D826 /* SmokeTests.swift in Sources */,
				949CAA8D64356BB20EEF2E88 /* StubDatabricksIdentityClient.swift in Sources */,
			);
			runOnlyForDeploymentPostprocessing = 0;
		};
		FE019A95D20F8DC3B17AF74A /* Sources */ = {
			isa = PBXSourcesBuildPhase;
			buildActionMask = 2147483647;
			files = (
				92728B0C08A56C9AA5CC2AF0 /* AuthDiagnostics.swift in Sources */,
				5B2E13D2EF848B3A56C001B4 /* AuthService.swift in Sources */,
				3BB0FB3E21ED6F5C074035EE /* AuthServicing.swift in Sources */,
				A2306A27ADE61654B3419815 /* DatabricksIdentityClient.swift in Sources */,
				790F685BE0B1502E1BF5D6CB /* InMemoryKeychainStore.swift in Sources */,
				2D10BCFB0F2577F5669F5F0F /* KeychainError.swift in Sources */,
				BE06638BDEBB28D462DA36BE /* KeychainStore.swift in Sources */,
				6BB78C6B0AB21679812F20A7 /* LakeloomApp.swift in Sources */,
				804658AF3C901EBEF86AFD59 /* LiveKeychainStore.swift in Sources */,
				479AD18807A976C852153403 /* LiveOAuthClient.swift in Sources */,
				0255ED0B7C9129FAE5F4C4A8 /* OAuthClient.swift in Sources */,
				72D4802210B0B07301D5FE1C /* OAuthTokenResponse.swift in Sources */,
				42B7807778F34EC98A695DA4 /* OAuthURLBuilder.swift in Sources */,
				E8D3DC0E3C9EBCBD75F016AA /* PKCE.swift in Sources */,
				58D9FFD12F4D3FC8E9E71E8D /* RootView.swift in Sources */,
				60842B2BD7C5A5BEC475FF61 /* SCIMMeResponse.swift in Sources */,
				728FE8E279F7D4A65C1807E1 /* Spacing.swift in Sources */,
				C3AB16E8A88C42BC928CB271 /* SplashView.swift in Sources */,
			);
			runOnlyForDeploymentPostprocessing = 0;
		};
/* End PBXSourcesBuildPhase section */

/* Begin PBXTargetDependency section */
		77A4A2A6C05B0E6F97F5F58B /* PBXTargetDependency */ = {
			isa = PBXTargetDependency;
			target = F282934E8EC9EAD7F43D0BB7 /* LakeloomApp */;
			targetProxy = 7A7B35C30685732C859E6164 /* PBXContainerItemProxy */;
		};
		86BA9DCA6D96D20F4E8913BB /* PBXTargetDependency */ = {
			isa = PBXTargetDependency;
			target = F282934E8EC9EAD7F43D0BB7 /* LakeloomApp */;
			targetProxy = C759C8065D61DE0EE9813206 /* PBXContainerItemProxy */;
		};
/* End PBXTargetDependency section */

/* Begin XCBuildConfiguration section */
		0C8175F3E0A1FD5E67CC37AD /* Release-TestFlight */ = {
			isa = XCBuildConfiguration;
			buildSettings = {
				ALWAYS_SEARCH_USER_PATHS = NO;
				ASSETCATALOG_COMPILER_GENERATE_SWIFT_ASSET_SYMBOL_EXTENSIONS = YES;
				CLANG_ANALYZER_NONNULL = YES;
				CLANG_ANALYZER_NUMBER_OBJECT_CONVERSION = YES_AGGRESSIVE;
				CLANG_CXX_LANGUAGE_STANDARD = "gnu++14";
				CLANG_CXX_LIBRARY = "libc++";
				CLANG_ENABLE_MODULES = YES;
				CLANG_ENABLE_OBJC_ARC = YES;
				CLANG_ENABLE_OBJC_WEAK = YES;
				CLANG_WARN_BLOCK_CAPTURE_AUTORELEASING = YES;
				CLANG_WARN_BOOL_CONVERSION = YES;
				CLANG_WARN_COMMA = YES;
				CLANG_WARN_CONSTANT_CONVERSION = YES;
				CLANG_WARN_DEPRECATED_OBJC_IMPLEMENTATIONS = YES;
				CLANG_WARN_DIRECT_OBJC_ISA_USAGE = YES_ERROR;
				CLANG_WARN_DOCUMENTATION_COMMENTS = YES;
				CLANG_WARN_EMPTY_BODY = YES;
				CLANG_WARN_ENUM_CONVERSION = YES;
				CLANG_WARN_INFINITE_RECURSION = YES;
				CLANG_WARN_INT_CONVERSION = YES;
				CLANG_WARN_NON_LITERAL_NULL_CONVERSION = YES;
				CLANG_WARN_OBJC_IMPLICIT_RETAIN_SELF = YES;
				CLANG_WARN_OBJC_LITERAL_CONVERSION = YES;
				CLANG_WARN_OBJC_ROOT_CLASS = YES_ERROR;
				CLANG_WARN_QUOTED_INCLUDE_IN_FRAMEWORK_HEADER = YES;
				CLANG_WARN_RANGE_LOOP_ANALYSIS = YES;
				CLANG_WARN_STRICT_PROTOTYPES = YES;
				CLANG_WARN_SUSPICIOUS_MOVE = YES;
				CLANG_WARN_UNGUARDED_AVAILABILITY = YES_AGGRESSIVE;
				CLANG_WARN_UNREACHABLE_CODE = YES;
				CLANG_WARN__DUPLICATE_METHOD_MATCH = YES;
				COPY_PHASE_STRIP = NO;
				DEAD_CODE_STRIPPING = YES;
				DEBUG_INFORMATION_FORMAT = "dwarf-with-dsym";
				DEVELOPMENT_TEAM = "";
				ENABLE_HARDENED_RUNTIME = YES;
				ENABLE_NS_ASSERTIONS = NO;
				ENABLE_STRICT_OBJC_MSGSEND = YES;
				ENABLE_USER_SCRIPT_SANDBOXING = YES;
				GCC_C_LANGUAGE_STANDARD = gnu11;
				GCC_NO_COMMON_BLOCKS = YES;
				GCC_TREAT_WARNINGS_AS_ERRORS = YES;
				GCC_WARN_64_TO_32_BIT_CONVERSION = YES;
				GCC_WARN_ABOUT_RETURN_TYPE = YES_ERROR;
				GCC_WARN_UNDECLARED_SELECTOR = YES;
				GCC_WARN_UNINITIALIZED_AUTOS = YES_AGGRESSIVE;
				GCC_WARN_UNUSED_FUNCTION = YES;
				GCC_WARN_UNUSED_VARIABLE = YES;
				IPHONEOS_DEPLOYMENT_TARGET = 26.0;
				MTL_ENABLE_DEBUG_INFO = NO;
				MTL_FAST_MATH = YES;
				PRODUCT_NAME = "$(TARGET_NAME)";
				SDKROOT = iphoneos;
				STRING_CATALOG_GENERATE_SYMBOLS = YES;
				SWIFT_ACTIVE_COMPILATION_CONDITIONS = INTERNAL_TOOLS;
				SWIFT_COMPILATION_MODE = wholemodule;
				SWIFT_EMIT_LOC_STRINGS = YES;
				SWIFT_OPTIMIZATION_LEVEL = "-O";
				SWIFT_STRICT_CONCURRENCY = complete;
				SWIFT_TREAT_WARNINGS_AS_ERRORS = YES;
				SWIFT_VERSION = 6.0;
				TARGETED_DEVICE_FAMILY = "1,2";
			};
			name = "Release-TestFlight";
		};
		10D071E74A831008333BBFBD /* Release-AppStore */ = {
			isa = XCBuildConfiguration;
			buildSettings = {
				ALWAYS_SEARCH_USER_PATHS = NO;
				ASSETCATALOG_COMPILER_GENERATE_SWIFT_ASSET_SYMBOL_EXTENSIONS = YES;
				CLANG_ANALYZER_NONNULL = YES;
				CLANG_ANALYZER_NUMBER_OBJECT_CONVERSION = YES_AGGRESSIVE;
				CLANG_CXX_LANGUAGE_STANDARD = "gnu++14";
				CLANG_CXX_LIBRARY = "libc++";
				CLANG_ENABLE_MODULES = YES;
				CLANG_ENABLE_OBJC_ARC = YES;
				CLANG_ENABLE_OBJC_WEAK = YES;
				CLANG_WARN_BLOCK_CAPTURE_AUTORELEASING = YES;
				CLANG_WARN_BOOL_CONVERSION = YES;
				CLANG_WARN_COMMA = YES;
				CLANG_WARN_CONSTANT_CONVERSION = YES;
				CLANG_WARN_DEPRECATED_OBJC_IMPLEMENTATIONS = YES;
				CLANG_WARN_DIRECT_OBJC_ISA_USAGE = YES_ERROR;
				CLANG_WARN_DOCUMENTATION_COMMENTS = YES;
				CLANG_WARN_EMPTY_BODY = YES;
				CLANG_WARN_ENUM_CONVERSION = YES;
				CLANG_WARN_INFINITE_RECURSION = YES;
				CLANG_WARN_INT_CONVERSION = YES;
				CLANG_WARN_NON_LITERAL_NULL_CONVERSION = YES;
				CLANG_WARN_OBJC_IMPLICIT_RETAIN_SELF = YES;
				CLANG_WARN_OBJC_LITERAL_CONVERSION = YES;
				CLANG_WARN_OBJC_ROOT_CLASS = YES_ERROR;
				CLANG_WARN_QUOTED_INCLUDE_IN_FRAMEWORK_HEADER = YES;
				CLANG_WARN_RANGE_LOOP_ANALYSIS = YES;
				CLANG_WARN_STRICT_PROTOTYPES = YES;
				CLANG_WARN_SUSPICIOUS_MOVE = YES;
				CLANG_WARN_UNGUARDED_AVAILABILITY = YES_AGGRESSIVE;
				CLANG_WARN_UNREACHABLE_CODE = YES;
				CLANG_WARN__DUPLICATE_METHOD_MATCH = YES;
				COPY_PHASE_STRIP = NO;
				DEAD_CODE_STRIPPING = YES;
				DEBUG_INFORMATION_FORMAT = "dwarf-with-dsym";
				DEVELOPMENT_TEAM = "";
				ENABLE_HARDENED_RUNTIME = YES;
				ENABLE_NS_ASSERTIONS = NO;
				ENABLE_STRICT_OBJC_MSGSEND = YES;
				ENABLE_USER_SCRIPT_SANDBOXING = YES;
				GCC_C_LANGUAGE_STANDARD = gnu11;
				GCC_NO_COMMON_BLOCKS = YES;
				GCC_TREAT_WARNINGS_AS_ERRORS = YES;
				GCC_WARN_64_TO_32_BIT_CONVERSION = YES;
				GCC_WARN_ABOUT_RETURN_TYPE = YES_ERROR;
				GCC_WARN_UNDECLARED_SELECTOR = YES;
				GCC_WARN_UNINITIALIZED_AUTOS = YES_AGGRESSIVE;
				GCC_WARN_UNUSED_FUNCTION = YES;
				GCC_WARN_UNUSED_VARIABLE = YES;
				IPHONEOS_DEPLOYMENT_TARGET = 26.0;
				MTL_ENABLE_DEBUG_INFO = NO;
				MTL_FAST_MATH = YES;
				PRODUCT_NAME = "$(TARGET_NAME)";
				SDKROOT = iphoneos;
				STRING_CATALOG_GENERATE_SYMBOLS = YES;
				SWIFT_ACTIVE_COMPILATION_CONDITIONS = "";
				SWIFT_COMPILATION_MODE = wholemodule;
				SWIFT_EMIT_LOC_STRINGS = YES;
				SWIFT_OPTIMIZATION_LEVEL = "-O";
				SWIFT_STRICT_CONCURRENCY = complete;
				SWIFT_TREAT_WARNINGS_AS_ERRORS = YES;
				SWIFT_VERSION = 6.0;
				TARGETED_DEVICE_FAMILY = "1,2";
			};
			name = "Release-AppStore";
		};
		1289B264DE79F6893E23CF31 /* Release-TestFlight */ = {
			isa = XCBuildConfiguration;
			buildSettings = {
				BUNDLE_LOADER = "$(TEST_HOST)";
				GENERATE_INFOPLIST_FILE = YES;
				LD_RUNPATH_SEARCH_PATHS = (
					"$(inherited)",
					"@executable_path/Frameworks",
					"@loader_path/Frameworks",
				);
				PRODUCT_BUNDLE_IDENTIFIER = com.databricks.lakeloom.uitests;
				SDKROOT = iphoneos;
				TARGETED_DEVICE_FAMILY = "1,2";
				TEST_TARGET_NAME = LakeloomApp;
			};
			name = "Release-TestFlight";
		};
		3AA29BCD3944F95376C7ECFF /* Debug */ = {
			isa = XCBuildConfiguration;
			buildSettings = {
				ASSETCATALOG_COMPILER_APPICON_NAME = AppIcon;
				CODE_SIGN_IDENTITY = "iPhone Developer";
				CURRENT_PROJECT_VERSION = 1;
				GENERATE_INFOPLIST_FILE = YES;
				INFOPLIST_KEY_CFBundleDisplayName = lakeLoom;
				INFOPLIST_KEY_UIApplicationSceneManifest_Generation = YES;
				INFOPLIST_KEY_UIApplicationSupportsIndirectInputEvents = YES;
				INFOPLIST_KEY_UILaunchScreen_Generation = YES;
				INFOPLIST_KEY_UISupportedInterfaceOrientations_iPad = "UIInterfaceOrientationPortrait UIInterfaceOrientationPortraitUpsideDown UIInterfaceOrientationLandscapeLeft UIInterfaceOrientationLandscapeRight";
				INFOPLIST_KEY_UISupportedInterfaceOrientations_iPhone = UIInterfaceOrientationPortrait;
				LD_RUNPATH_SEARCH_PATHS = (
					"$(inherited)",
					"@executable_path/Frameworks",
				);
				MARKETING_VERSION = 1.0.0;
				PRODUCT_BUNDLE_IDENTIFIER = com.databricks.lakeloom.dev;
				SDKROOT = iphoneos;
				TARGETED_DEVICE_FAMILY = "1,2";
			};
			name = Debug;
		};
		4C51FB5FF8505F22B8E78362 /* Release-TestFlight */ = {
			isa = XCBuildConfiguration;
			buildSettings = {
				ASSETCATALOG_COMPILER_APPICON_NAME = AppIcon;
				CODE_SIGN_IDENTITY = "iPhone Developer";
				CURRENT_PROJECT_VERSION = 1;
				GENERATE_INFOPLIST_FILE = YES;
				INFOPLIST_KEY_CFBundleDisplayName = lakeLoom;
				INFOPLIST_KEY_UIApplicationSceneManifest_Generation = YES;
				INFOPLIST_KEY_UIApplicationSupportsIndirectInputEvents = YES;
				INFOPLIST_KEY_UILaunchScreen_Generation = YES;
				INFOPLIST_KEY_UISupportedInterfaceOrientations_iPad = "UIInterfaceOrientationPortrait UIInterfaceOrientationPortraitUpsideDown UIInterfaceOrientationLandscapeLeft UIInterfaceOrientationLandscapeRight";
				INFOPLIST_KEY_UISupportedInterfaceOrientations_iPhone = UIInterfaceOrientationPortrait;
				LD_RUNPATH_SEARCH_PATHS = (
					"$(inherited)",
					"@executable_path/Frameworks",
				);
				MARKETING_VERSION = 1.0.0;
				PRODUCT_BUNDLE_IDENTIFIER = com.databricks.lakeloom;
				SDKROOT = iphoneos;
				TARGETED_DEVICE_FAMILY = "1,2";
			};
			name = "Release-TestFlight";
		};
		67AAE4C28F1E1AB056B20DE0 /* Release-AppStore */ = {
			isa = XCBuildConfiguration;
			buildSettings = {
				BUNDLE_LOADER = "$(TEST_HOST)";
				GENERATE_INFOPLIST_FILE = YES;
				LD_RUNPATH_SEARCH_PATHS = (
					"$(inherited)",
					"@executable_path/Frameworks",
					"@loader_path/Frameworks",
				);
				PRODUCT_BUNDLE_IDENTIFIER = com.databricks.lakeloom.tests;
				SDKROOT = iphoneos;
				TARGETED_DEVICE_FAMILY = "1,2";
				TEST_HOST = "$(BUILT_PRODUCTS_DIR)/LakeloomApp.app/LakeloomApp";
			};
			name = "Release-AppStore";
		};
		8DBB713DED20425F4F58753B /* Release-AppStore */ = {
			isa = XCBuildConfiguration;
			buildSettings = {
				ASSETCATALOG_COMPILER_APPICON_NAME = AppIcon;
				CODE_SIGN_IDENTITY = "iPhone Developer";
				CURRENT_PROJECT_VERSION = 1;
				GENERATE_INFOPLIST_FILE = YES;
				INFOPLIST_KEY_CFBundleDisplayName = lakeLoom;
				INFOPLIST_KEY_UIApplicationSceneManifest_Generation = YES;
				INFOPLIST_KEY_UIApplicationSupportsIndirectInputEvents = YES;
				INFOPLIST_KEY_UILaunchScreen_Generation = YES;
				INFOPLIST_KEY_UISupportedInterfaceOrientations_iPad = "UIInterfaceOrientationPortrait UIInterfaceOrientationPortraitUpsideDown UIInterfaceOrientationLandscapeLeft UIInterfaceOrientationLandscapeRight";
				INFOPLIST_KEY_UISupportedInterfaceOrientations_iPhone = UIInterfaceOrientationPortrait;
				LD_RUNPATH_SEARCH_PATHS = (
					"$(inherited)",
					"@executable_path/Frameworks",
				);
				MARKETING_VERSION = 1.0.0;
				PRODUCT_BUNDLE_IDENTIFIER = com.databricks.lakeloom;
				SDKROOT = iphoneos;
				TARGETED_DEVICE_FAMILY = "1,2";
			};
			name = "Release-AppStore";
		};
		9AEC6611315DC15EDF982029 /* Release-TestFlight */ = {
			isa = XCBuildConfiguration;
			buildSettings = {
				BUNDLE_LOADER = "$(TEST_HOST)";
				GENERATE_INFOPLIST_FILE = YES;
				LD_RUNPATH_SEARCH_PATHS = (
					"$(inherited)",
					"@executable_path/Frameworks",
					"@loader_path/Frameworks",
				);
				PRODUCT_BUNDLE_IDENTIFIER = com.databricks.lakeloom.tests;
				SDKROOT = iphoneos;
				TARGETED_DEVICE_FAMILY = "1,2";
				TEST_HOST = "$(BUILT_PRODUCTS_DIR)/LakeloomApp.app/LakeloomApp";
			};
			name = "Release-TestFlight";
		};
		A2B1FCAE70219A3C36B2759F /* Release-AppStore */ = {
			isa = XCBuildConfiguration;
			buildSettings = {
				BUNDLE_LOADER = "$(TEST_HOST)";
				GENERATE_INFOPLIST_FILE = YES;
				LD_RUNPATH_SEARCH_PATHS = (
					"$(inherited)",
					"@executable_path/Frameworks",
					"@loader_path/Frameworks",
				);
				PRODUCT_BUNDLE_IDENTIFIER = com.databricks.lakeloom.uitests;
				SDKROOT = iphoneos;
				TARGETED_DEVICE_FAMILY = "1,2";
				TEST_TARGET_NAME = LakeloomApp;
			};
			name = "Release-AppStore";
		};
		B0096515470E0BCF3DBAA11A /* Debug */ = {
			isa = XCBuildConfiguration;
			buildSettings = {
				ALWAYS_SEARCH_USER_PATHS = NO;
				ASSETCATALOG_COMPILER_GENERATE_SWIFT_ASSET_SYMBOL_EXTENSIONS = YES;
				CLANG_ANALYZER_NONNULL = YES;
				CLANG_ANALYZER_NUMBER_OBJECT_CONVERSION = YES_AGGRESSIVE;
				CLANG_CXX_LANGUAGE_STANDARD = "gnu++14";
				CLANG_CXX_LIBRARY = "libc++";
				CLANG_ENABLE_MODULES = YES;
				CLANG_ENABLE_OBJC_ARC = YES;
				CLANG_ENABLE_OBJC_WEAK = YES;
				CLANG_WARN_BLOCK_CAPTURE_AUTORELEASING = YES;
				CLANG_WARN_BOOL_CONVERSION = YES;
				CLANG_WARN_COMMA = YES;
				CLANG_WARN_CONSTANT_CONVERSION = YES;
				CLANG_WARN_DEPRECATED_OBJC_IMPLEMENTATIONS = YES;
				CLANG_WARN_DIRECT_OBJC_ISA_USAGE = YES_ERROR;
				CLANG_WARN_DOCUMENTATION_COMMENTS = YES;
				CLANG_WARN_EMPTY_BODY = YES;
				CLANG_WARN_ENUM_CONVERSION = YES;
				CLANG_WARN_INFINITE_RECURSION = YES;
				CLANG_WARN_INT_CONVERSION = YES;
				CLANG_WARN_NON_LITERAL_NULL_CONVERSION = YES;
				CLANG_WARN_OBJC_IMPLICIT_RETAIN_SELF = YES;
				CLANG_WARN_OBJC_LITERAL_CONVERSION = YES;
				CLANG_WARN_OBJC_ROOT_CLASS = YES_ERROR;
				CLANG_WARN_QUOTED_INCLUDE_IN_FRAMEWORK_HEADER = YES;
				CLANG_WARN_RANGE_LOOP_ANALYSIS = YES;
				CLANG_WARN_STRICT_PROTOTYPES = YES;
				CLANG_WARN_SUSPICIOUS_MOVE = YES;
				CLANG_WARN_UNGUARDED_AVAILABILITY = YES_AGGRESSIVE;
				CLANG_WARN_UNREACHABLE_CODE = YES;
				CLANG_WARN__DUPLICATE_METHOD_MATCH = YES;
				COPY_PHASE_STRIP = NO;
				DEAD_CODE_STRIPPING = YES;
				DEBUG_INFORMATION_FORMAT = dwarf;
				DEVELOPMENT_TEAM = "";
				ENABLE_HARDENED_RUNTIME = YES;
				ENABLE_STRICT_OBJC_MSGSEND = YES;
				ENABLE_TESTABILITY = YES;
				ENABLE_USER_SCRIPT_SANDBOXING = YES;
				GCC_C_LANGUAGE_STANDARD = gnu11;
				GCC_DYNAMIC_NO_PIC = NO;
				GCC_NO_COMMON_BLOCKS = YES;
				GCC_OPTIMIZATION_LEVEL = 0;
				GCC_PREPROCESSOR_DEFINITIONS = (
					"$(inherited)",
					"DEBUG=1",
				);
				GCC_TREAT_WARNINGS_AS_ERRORS = YES;
				GCC_WARN_64_TO_32_BIT_CONVERSION = YES;
				GCC_WARN_ABOUT_RETURN_TYPE = YES_ERROR;
				GCC_WARN_UNDECLARED_SELECTOR = YES;
				GCC_WARN_UNINITIALIZED_AUTOS = YES_AGGRESSIVE;
				GCC_WARN_UNUSED_FUNCTION = YES;
				GCC_WARN_UNUSED_VARIABLE = YES;
				IPHONEOS_DEPLOYMENT_TARGET = 26.0;
				MTL_ENABLE_DEBUG_INFO = INCLUDE_SOURCE;
				MTL_FAST_MATH = YES;
				ONLY_ACTIVE_ARCH = YES;
				PRODUCT_NAME = "$(TARGET_NAME)";
				SDKROOT = iphoneos;
				STRING_CATALOG_GENERATE_SYMBOLS = YES;
				SWIFT_ACTIVE_COMPILATION_CONDITIONS = "DEBUG INTERNAL_TOOLS";
				SWIFT_EMIT_LOC_STRINGS = YES;
				SWIFT_OPTIMIZATION_LEVEL = "-Onone";
				SWIFT_STRICT_CONCURRENCY = complete;
				SWIFT_TREAT_WARNINGS_AS_ERRORS = YES;
				SWIFT_VERSION = 6.0;
				TARGETED_DEVICE_FAMILY = "1,2";
			};
			name = Debug;
		};
		BF573EDF3830A78BB9B118B4 /* Debug */ = {
			isa = XCBuildConfiguration;
			buildSettings = {
				BUNDLE_LOADER = "$(TEST_HOST)";
				GENERATE_INFOPLIST_FILE = YES;
				LD_RUNPATH_SEARCH_PATHS = (
					"$(inherited)",
					"@executable_path/Frameworks",
					"@loader_path/Frameworks",
				);
				PRODUCT_BUNDLE_IDENTIFIER = com.databricks.lakeloom.tests;
				SDKROOT = iphoneos;
				TARGETED_DEVICE_FAMILY = "1,2";
				TEST_HOST = "$(BUILT_PRODUCTS_DIR)/LakeloomApp.app/LakeloomApp";
			};
			name = Debug;
		};
		CB487A749A80F635348288F0 /* Debug */ = {
			isa = XCBuildConfiguration;
			buildSettings = {
				BUNDLE_LOADER = "$(TEST_HOST)";
				GENERATE_INFOPLIST_FILE = YES;
				LD_RUNPATH_SEARCH_PATHS = (
					"$(inherited)",
					"@executable_path/Frameworks",
					"@loader_path/Frameworks",
				);
				PRODUCT_BUNDLE_IDENTIFIER = com.databricks.lakeloom.uitests;
				SDKROOT = iphoneos;
				TARGETED_DEVICE_FAMILY = "1,2";
				TEST_TARGET_NAME = LakeloomApp;
			};
			name = Debug;
		};
/* End XCBuildConfiguration section */

/* Begin XCConfigurationList section */
		0C2F915CC79B3DC9B8249FC1 /* Build configuration list for PBXNativeTarget "LakeloomApp" */ = {
			isa = XCConfigurationList;
			buildConfigurations = (
				3AA29BCD3944F95376C7ECFF /* Debug */,
				8DBB713DED20425F4F58753B /* Release-AppStore */,
				4C51FB5FF8505F22B8E78362 /* Release-TestFlight */,
			);
			defaultConfigurationIsVisible = 0;
			defaultConfigurationName = Debug;
		};
		1B54635EFEC0BA8BF715002B /* Build configuration list for PBXProject "LakeloomApp" */ = {
			isa = XCConfigurationList;
			buildConfigurations = (
				B0096515470E0BCF3DBAA11A /* Debug */,
				10D071E74A831008333BBFBD /* Release-AppStore */,
				0C8175F3E0A1FD5E67CC37AD /* Release-TestFlight */,
			);
			defaultConfigurationIsVisible = 0;
			defaultConfigurationName = Debug;
		};
		48D5D8756276B17357BDB4A1 /* Build configuration list for PBXNativeTarget "LakeloomAppUITests" */ = {
			isa = XCConfigurationList;
			buildConfigurations = (
				CB487A749A80F635348288F0 /* Debug */,
				A2B1FCAE70219A3C36B2759F /* Release-AppStore */,
				1289B264DE79F6893E23CF31 /* Release-TestFlight */,
			);
			defaultConfigurationIsVisible = 0;
			defaultConfigurationName = Debug;
		};
		F6CBA553201CC3A60CD6B38B /* Build configuration list for PBXNativeTarget "LakeloomAppTests" */ = {
			isa = XCConfigurationList;
			buildConfigurations = (
				BF573EDF3830A78BB9B118B4 /* Debug */,
				67AAE4C28F1E1AB056B20DE0 /* Release-AppStore */,
				9AEC6611315DC15EDF982029 /* Release-TestFlight */,
			);
			defaultConfigurationIsVisible = 0;
			defaultConfigurationName = Debug;
		};
/* End XCConfigurationList section */
	};
	rootObject = 4F7CB9676744622BA7D3C696 /* Project object */;
}
